
Microsoft Visual Studio Solution File, Format Version 12.00
# Visual Studio Version 17
VisualStudioVersion = 17.14.36518.9
MinimumVisualStudioVersion = 10.0.40219.1
Project("{FAE04EC0-301F-11D3-BF4B-00C04F79EFBC}") = "TS.Engine", "TS.Engine\TS.Engine.csproj", "{99008DF8-1388-41B0-AA4F-A7C9CF597D0A}"
EndProject
Project("{FAE04EC0-301F-11D3-BF4B-00C04F79EFBC}") = "TS.AWS", "TS.AWS\TS.AWS.csproj", "{24265FA4-EDB1-420B-A4AC-DB3D6A3651A6}"
	ProjectSection(ProjectDependencies) = postProject
		{99008DF8-1388-41B0-AA4F-A7C9CF597D0A} = {99008DF8-1388-41B0-AA4F-A7C9CF597D0A}
	EndProjectSection
EndProject
Project("{FAE04EC0-301F-11D3-BF4B-00C04F79EFBC}") = "TS.Test", "TS.Test\TS.Test.csproj", "{F348301E-1847-4020-BCA8-E48BFC31F413}"
EndProject
Project("{FAE04EC0-301F-11D3-BF4B-00C04F79EFBC}") = "TS.Api", "TS.Api\TS.Api.csproj", "{B773F0F9-0915-4081-9718-9AD757ABB12C}"
	ProjectSection(ProjectDependencies) = postProject
		{99008DF8-1388-41B0-AA4F-A7C9CF597D0A} = {99008DF8-1388-41B0-AA4F-A7C9CF597D0A}
	EndProjectSection
EndProject
Global
	GlobalSection(SolutionConfigurationPlatforms) = preSolution
		Debug|Any CPU = Debug|Any CPU
		Release|Any CPU = Release|Any CPU
	EndGlobalSection
	GlobalSection(ProjectConfigurationPlatforms) = postSolution
		{99008DF8-1388-41B0-AA4F-A7C9CF597D0A}.Debug|Any CPU.ActiveCfg = Debug|Any CPU
		{99008DF8-1388-41B0-AA4F-A7C9CF597D0A}.Debug|Any CPU.Build.0 = Debug|Any CPU
		{99008DF8-1388-41B0-AA4F-A7C9CF597D0A}.Release|Any CPU.ActiveCfg = Release|Any CPU
		{99008DF8-1388-41B0-AA4F-A7C9CF597D0A}.Release|Any CPU.Build.0 = Release|Any CPU
		{24265FA4-EDB1-420B-A4AC-DB3D6A3651A6}.Debug|Any CPU.ActiveCfg = Debug|Any CPU
		{24265FA4-EDB1-420B-A4AC-DB3D6A3651A6}.Debug|Any CPU.Build.0 = Debug|Any CPU
		{24265FA4-EDB1-420B-A4AC-DB3D6A3651A6}.Release|Any CPU.ActiveCfg = Release|Any CPU
		{24265FA4-EDB1-420B-A4AC-DB3D6A3651A6}.Release|Any CPU.Build.0 = Release|Any CPU
		{F348301E-1847-4020-BCA8-E48BFC31F413}.Debug|Any CPU.ActiveCfg = Debug|Any CPU
		{F348301E-1847-4020-BCA8-E48BFC31F413}.Debug|Any CPU.Build.0 = Debug|Any CPU
		{F348301E-1847-4020-BCA8-E48BFC31F413}.Release|Any CPU.ActiveCfg = Release|Any CPU
		{F348301E-1847-4020-BCA8-E48BFC31F413}.Release|Any CPU.Build.0 = Release|Any CPU
		{B773F0F9-0915-4081-9718-9AD757ABB12C}.Debug|Any CPU.ActiveCfg = Debug|Any CPU
		{B773F0F9-0915-4081-9718-9AD757ABB12C}.Debug|Any CPU.Build.0 = Debug|Any CPU
		{B773F0F9-0915-4081-9718-9AD757ABB12C}.Release|Any CPU.ActiveCfg = Release|Any CPU
		{B773F0F9-0915-4081-9718-9AD757ABB12C}.Release|Any CPU.Build.0 = Release|Any CPU
	EndGlobalSection
	GlobalSection(SolutionProperties) = preSolution
		HideSolutionNode = FALSE
	EndGlobalSection
	GlobalSection(ExtensibilityGlobals) = postSolution
		SolutionGuid = {D12B9AC3-7473-4090-A99B-419D110BC083}
	EndGlobalSection
EndGlobal
